{
    "_readme": [
        "This file locks the dependencies of your project to a known state",
        "Read more about it at https://getcomposer.org/doc/01-basic-usage.md#installing-dependencies",
        "This file is @generated automatically"
    ],
    "content-hash": "2dcc438e12bb90cbca032bae8b5b1f10",
    "packages": [
        {
            "name": "pagerfanta/pagerfanta",
            "version": "v4.7.1",
            "source": {
                "type": "git",
                "url": "https://github.com/BabDev/Pagerfanta.git",
                "reference": "b09216fc53665c4d8a39b7f60e421165cb4693e4"
            },
            "dist": {
                "type": "zip",
                "url": "https://api.github.com/repos/BabDev/Pagerfanta/zipball/b09216fc53665c4d8a39b7f60e421165cb4693e4",
                "reference": "b09216fc53665c4d8a39b7f60e421165cb4693e4",
                "shasum": ""
            },
            "require": {
                "ext-json": "*",
                "php": "^8.1",
                "symfony/deprecation-contracts": "^2.1 || ^3.0"
            },
            "conflict": {
                "doctrine/collections": "<1.8",
                "doctrine/dbal": "<3.5",
                "doctrine/mongodb-odm": "<2.4",
                "doctrine/orm": "<2.14",
                "doctrine/phpcr-odm": "<1.7",
                "ruflin/elastica": "<7.3",
                "solarium/solarium": "<6.2",
                "twig/twig": "<2.13"
            },
            "replace": {
                "pagerfanta/core": "self.version",
                "pagerfanta/doctrine-collections-adapter": "self.version",
                "pagerfanta/doctrine-dbal-adapter": "self.version",
                "pagerfanta/doctrine-mongodb-odm-adapter": "self.version",
                "pagerfanta/doctrine-orm-adapter": "self.version",
                "pagerfanta/doctrine-phpcr-odm-adapter": "self.version",
                "pagerfanta/elastica-adapter": "self.version",
                "pagerfanta/solarium-adapter": "self.version",
                "pagerfanta/twig": "self.version"
            },
            "require-dev": {
                "dg/bypass-finals": "^1.5.1",
                "doctrine/collections": "^1.8 || ^2.0",
                "doctrine/dbal": "^3.5 || ^4.0",
                "doctrine/mongodb-odm": "^2.4",
                "doctrine/orm": "^2.14 || ^3.0",
                "doctrine/phpcr-odm": "^1.7 || ^2.0",
                "jackalope/jackalope-doctrine-dbal": "^1.9 || ^2.0",
                "phpstan/extension-installer": "^1.4",
                "phpstan/phpstan": "2.0.3",
                "phpstan/phpstan-phpunit": "2.0.1",
                "phpunit/phpunit": "10.5.39",
                "rector/rector": "2.0.3",
                "ruflin/elastica": "^7.3 || ^8.0",
                "solarium/solarium": "^6.2",
                "symfony/cache": "^5.4 || ^6.3 || ^7.0",
                "twig/twig": "^2.13 || ^3.0"
            },
            "suggest": {
                "twig/twig": "To integrate Pagerfanta with Twig"
            },
            "type": "library",
            "autoload": {
                "psr-4": {
                    "Pagerfanta\\": "lib/Core/",
                    "Pagerfanta\\Twig\\": "lib/Twig/",
                    "Pagerfanta\\Elastica\\": "lib/Adapter/Elastica/",
                    "Pagerfanta\\Solarium\\": "lib/Adapter/Solarium/",
                    "Pagerfanta\\Doctrine\\ORM\\": "lib/Adapter/Doctrine/ORM/",
                    "Pagerfanta\\Doctrine\\DBAL\\": "lib/Adapter/Doctrine/DBAL/",
                    "Pagerfanta\\Doctrine\\PHPCRODM\\": "lib/Adapter/Doctrine/PHPCRODM/",
                    "Pagerfanta\\Doctrine\\MongoDBODM\\": "lib/Adapter/Doctrine/MongoDBODM/",
                    "Pagerfanta\\Doctrine\\Collections\\": "lib/Adapter/Doctrine/Collections/"
                },
                "exclude-from-classmap": [
                    "lib/**/Tests/"
                ]
            },
            "notification-url": "https://packagist.org/downloads/",
            "license": [
                "MIT"
            ],
            "description": "Pagination for PHP",
            "keywords": [
                "page",
                "pagination",
                "paginator",
                "paging"
            ],
            "support": {
                "issues": "https://github.com/BabDev/Pagerfanta/issues",
                "source": "https://github.com/BabDev/Pagerfanta/tree/v4.7.1"
            },
            "funding": [
                {
                    "url": "https://github.com/mbabker",
                    "type": "github"
                }
            ],
            "time": "2024-12-13T15:12:11+00:00"
        },
        {
            "name": "phpmailer/phpmailer",
            "version": "v6.9.3",
            "source": {
                "type": "git",
                "url": "https://github.com/PHPMailer/PHPMailer.git",
                "reference": "2f5c94fe7493efc213f643c23b1b1c249d40f47e"
            },
            "dist": {
                "type": "zip",
                "url": "https://api.github.com/repos/PHPMailer/PHPMailer/zipball/2f5c94fe7493efc213f643c23b1b1c249d40f47e",
                "reference": "2f5c94fe7493efc213f643c23b1b1c249d40f47e",
                "shasum": ""
            },
            "require": {
                "ext-ctype": "*",
                "ext-filter": "*",
                "ext-hash": "*",
                "php": ">=5.5.0"
            },
            "require-dev": {
                "dealerdirect/phpcodesniffer-composer-installer": "^1.0",
                "doctrine/annotations": "^1.2.6 || ^1.13.3",
                "php-parallel-lint/php-console-highlighter": "^1.0.0",
                "php-parallel-lint/php-parallel-lint": "^1.3.2",
                "phpcompatibility/php-compatibility": "^9.3.5",
                "roave/security-advisories": "dev-latest",
                "squizlabs/php_codesniffer": "^3.7.2",
                "yoast/phpunit-polyfills": "^1.0.4"
            },
            "suggest": {
                "decomplexity/SendOauth2": "Adapter for using XOAUTH2 authentication",
                "ext-mbstring": "Needed to send email in multibyte encoding charset or decode encoded addresses",
                "ext-openssl": "Needed for secure SMTP sending and DKIM signing",
                "greew/oauth2-azure-provider": "Needed for Microsoft Azure XOAUTH2 authentication",
                "hayageek/oauth2-yahoo": "Needed for Yahoo XOAUTH2 authentication",
                "league/oauth2-google": "Needed for Google XOAUTH2 authentication",
                "psr/log": "For optional PSR-3 debug logging",
                "symfony/polyfill-mbstring": "To support UTF-8 if the Mbstring PHP extension is not enabled (^1.2)",
                "thenetworg/oauth2-azure": "Needed for Microsoft XOAUTH2 authentication"
            },
            "type": "library",
            "autoload": {
                "psr-4": {
                    "PHPMailer\\PHPMailer\\": "src/"
                }
            },
            "notification-url": "https://packagist.org/downloads/",
            "license": [
                "LGPL-2.1-only"
            ],
            "authors": [
                {
                    "name": "Marcus Bointon",
                    "email": "phpmailer@synchromedia.co.uk"
                },
                {
                    "name": "Jim Jagielski",
                    "email": "jimjag@gmail.com"
                },
                {
                    "name": "Andy Prevost",
                    "email": "codeworxtech@users.sourceforge.net"
                },
                {
                    "name": "Brent R. Matzelle"
                }
            ],
            "description": "PHPMailer is a full-featured email creation and transfer class for PHP",
            "support": {
                "issues": "https://github.com/PHPMailer/PHPMailer/issues",
                "source": "https://github.com/PHPMailer/PHPMailer/tree/v6.9.3"
            },
            "funding": [
                {
                    "url": "https://github.com/Synchro",
                    "type": "github"
                }
            ],
            "time": "2024-11-24T18:04:13+00:00"
        },
        {
            "name": "symfony/deprecation-contracts",
            "version": "v3.5.1",
            "source": {
                "type": "git",
                "url": "https://github.com/symfony/deprecation-contracts.git",
                "reference": "74c71c939a79f7d5bf3c1ce9f5ea37ba0114c6f6"
            },
            "dist": {
                "type": "zip",
                "url": "https://api.github.com/repos/symfony/deprecation-contracts/zipball/74c71c939a79f7d5bf3c1ce9f5ea37ba0114c6f6",
                "reference": "74c71c939a79f7d5bf3c1ce9f5ea37ba0114c6f6",
                "shasum": ""
            },
            "require": {
                "php": ">=8.1"
            },
            "type": "library",
            "extra": {
                "thanks": {
                    "url": "https://github.com/symfony/contracts",
                    "name": "symfony/contracts"
                },
                "branch-alias": {
                    "dev-main": "3.5-dev"
                }
            },
            "autoload": {
                "files": [
                    "function.php"
                ]
            },
            "notification-url": "https://packagist.org/downloads/",
            "license": [
                "MIT"
            ],
            "authors": [
                {
                    "name": "Nicolas Grekas",
                    "email": "p@tchwork.com"
                },
                {
                    "name": "Symfony Community",
                    "homepage": "https://symfony.com/contributors"
                }
            ],
            "description": "A generic function and convention to trigger deprecation notices",
            "homepage": "https://symfony.com",
            "support": {
                "source": "https://github.com/symfony/deprecation-contracts/tree/v3.5.1"
            },
            "funding": [
                {
                    "url": "https://symfony.com/sponsor",
                    "type": "custom"
                },
                {
                    "url": "https://github.com/fabpot",
                    "type": "github"
                },
                {
                    "url": "https://tidelift.com/funding/github/packagist/symfony/symfony",
                    "type": "tidelift"
                }
            ],
            "time": "2024-09-25T14:20:29+00:00"
        }
    ],
    "packages-dev": [],
    "aliases": [],
    "minimum-stability": "stable",
    "stability-flags": {},
    "prefer-stable": false,
    "prefer-lowest": false,
    "platform": {
        "ext-sqlsrv": "*",
        "ext-gd": "*",
        "ext-json": "*"
    },
    "platform-dev": {},
    "plugin-api-version": "2.6.0"
}
